
Microsoft Visual Studio Solution File, Format Version 12.00
# Visual Studio Version 16
VisualStudioVersion = 16.0.31424.327
MinimumVisualStudioVersion = 10.0.40219.1
Project("{FAE04EC0-301F-11D3-BF4B-00C04F79EFBC}") = "FinalProject", "FinalProject\FinalProject.csproj", "{A8B1DA04-B58B-4BA2-BA03-485DA2BF3D54}"
EndProject
Global
	GlobalSection(SolutionConfigurationPlatforms) = preSolution
		Debug|Any CPU = Debug|Any CPU
		Release|Any CPU = Release|Any CPU
	EndGlobalSection
	GlobalSection(ProjectConfigurationPlatforms) = postSolution
		{A8B1DA04-B58B-4BA2-BA03-485DA2BF3D54}.Debug|Any CPU.ActiveCfg = Debug|Any CPU
		{A8B1DA04-B58B-4BA2-BA03-485DA2BF3D54}.Debug|Any CPU.Build.0 = Debug|Any CPU
		{A8B1DA04-B58B-4BA2-BA03-485DA2BF3D54}.Release|Any CPU.ActiveCfg = Release|Any CPU
		{A8B1DA04-B58B-4BA2-BA03-485DA2BF3D54}.Release|Any CPU.Build.0 = Release|Any CPU
	EndGlobalSection
	GlobalSection(SolutionProperties) = preSolution
		HideSolutionNode = FALSE
	EndGlobalSection
	GlobalSection(ExtensibilityGlobals) = postSolution
		SolutionGuid = {406EA71C-0F4F-42CF-9036-C30C644425BC}
	EndGlobalSection
EndGlobal
